
Microsoft Visual Studio Solution File, Format Version 12.00
# Visual Studio Version 17
VisualStudioVersion = 17.3.32929.385
MinimumVisualStudioVersion = 10.0.40219.1
Project("{FAE04EC0-301F-11D3-BF4B-00C04F79EFBC}") = "Portfolio.Migration", "Portfolio.Migration.csproj", "{50456CA6-701A-4F5E-ADE5-6B31624092BC}"
EndProject
Project("{9A19103F-16F7-4668-BE54-9A1E7A4F7556}") = "Portfolio.Domain.Core", "..\Portfolio.Domain.Core\Portfolio.Domain.Core.csproj", "{A3D9EB79-7E39-4BFD-88A5-3AEF8ADBA9BC}"
EndProject
Global
	GlobalSection(SolutionConfigurationPlatforms) = preSolution
		Debug|Any CPU = Debug|Any CPU
		Release|Any CPU = Release|Any CPU
	EndGlobalSection
	GlobalSection(ProjectConfigurationPlatforms) = postSolution
		{50456CA6-701A-4F5E-ADE5-6B31624092BC}.Debug|Any CPU.ActiveCfg = Debug|Any CPU
		{50456CA6-701A-4F5E-ADE5-6B31624092BC}.Debug|Any CPU.Build.0 = Debug|Any CPU
		{50456CA6-701A-4F5E-ADE5-6B31624092BC}.Release|Any CPU.ActiveCfg = Release|Any CPU
		{50456CA6-701A-4F5E-ADE5-6B31624092BC}.Release|Any CPU.Build.0 = Release|Any CPU
		{A3D9EB79-7E39-4BFD-88A5-3AEF8ADBA9BC}.Debug|Any CPU.ActiveCfg = Debug|Any CPU
		{A3D9EB79-7E39-4BFD-88A5-3AEF8ADBA9BC}.Debug|Any CPU.Build.0 = Debug|Any CPU
		{A3D9EB79-7E39-4BFD-88A5-3AEF8ADBA9BC}.Release|Any CPU.ActiveCfg = Release|Any CPU
		{A3D9EB79-7E39-4BFD-88A5-3AEF8ADBA9BC}.Release|Any CPU.Build.0 = Release|Any CPU
	EndGlobalSection
	GlobalSection(SolutionProperties) = preSolution
		HideSolutionNode = FALSE
	EndGlobalSection
	GlobalSection(ExtensibilityGlobals) = postSolution
		SolutionGuid = {859012D5-070B-4951-804D-F749B7F5630A}
	EndGlobalSection
EndGlobal
